
Microsoft Visual Studio Solution File, Format Version 12.00
# Visual Studio Version 17
VisualStudioVersion = 17.5.002.0
MinimumVisualStudioVersion = 10.0.40219.1
Project("{9A19103F-16F7-4668-BE54-9A1E7A4F7556}") = "Niga-Web", "Niga-Web\Niga-Web.csproj", "{15067D48-9A31-4F00-8E2F-AED4F0B70E16}"
EndProject
Project("{9A19103F-16F7-4668-BE54-9A1E7A4F7556}") = "Niga-Domain", "Niga-Domain\Niga-Domain.csproj", "{B3B1B132-E188-452A-B930-BB1A6274D77E}"
EndProject
Project("{9A19103F-16F7-4668-BE54-9A1E7A4F7556}") = "Niga-Domain.Tests", "Niga-Domain.Tests\Niga-Domain.Tests.csproj", "{C4E2A241-F299-463B-A941-CC2B7385E88F}"
EndProject
Global
	GlobalSection(SolutionConfigurationPlatforms) = preSolution
		Debug|Any CPU = Debug|Any CPU
		Release|Any CPU = Release|Any CPU
	EndGlobalSection
	GlobalSection(ProjectConfigurationPlatforms) = postSolution
		{15067D48-9A31-4F00-8E2F-AED4F0B70E16}.Debug|Any CPU.ActiveCfg = Debug|Any CPU
		{15067D48-9A31-4F00-8E2F-AED4F0B70E16}.Debug|Any CPU.Build.0 = Debug|Any CPU
		{15067D48-9A31-4F00-8E2F-AED4F0B70E16}.Release|Any CPU.ActiveCfg = Release|Any CPU
		{15067D48-9A31-4F00-8E2F-AED4F0B70E16}.Release|Any CPU.Build.0 = Release|Any CPU
		{B3B1B132-E188-452A-B930-BB1A6274D77E}.Debug|Any CPU.ActiveCfg = Debug|Any CPU
		{B3B1B132-E188-452A-B930-BB1A6274D77E}.Debug|Any CPU.Build.0 = Debug|Any CPU
		{B3B1B132-E188-452A-B930-BB1A6274D77E}.Release|Any CPU.ActiveCfg = Release|Any CPU
		{B3B1B132-E188-452A-B930-BB1A6274D77E}.Release|Any CPU.Build.0 = Release|Any CPU
		{C4E2A241-F299-463B-A941-CC2B7385E88F}.Debug|Any CPU.ActiveCfg = Debug|Any CPU
		{C4E2A241-F299-463B-A941-CC2B7385E88F}.Debug|Any CPU.Build.0 = Debug|Any CPU
		{C4E2A241-F299-463B-A941-CC2B7385E88F}.Release|Any CPU.ActiveCfg = Release|Any CPU
		{C4E2A241-F299-463B-A941-CC2B7385E88F}.Release|Any CPU.Build.0 = Release|Any CPU
	EndGlobalSection
	GlobalSection(SolutionProperties) = preSolution
		HideSolutionNode = FALSE
	EndGlobalSection
	GlobalSection(ExtensibilityGlobals) = postSolution
		SolutionGuid = {0CD0C4CF-38E0-43CD-81CE-E40A20991246}
	EndGlobalSection
EndGlobal
